
Microsoft Visual Studio Solution File, Format Version 12.00
# Visual Studio Version 16
VisualStudioVersion = 16.0.31424.327
MinimumVisualStudioVersion = 10.0.40219.1
Project("{FAE04EC0-301F-11D3-BF4B-00C04F79EFBC}") = "application", "application.csproj", "{D21B962A-59D1-4076-BFBF-60830E534CFC}"
EndProject
Global
	GlobalSection(SolutionConfigurationPlatforms) = preSolution
		Debug|Any CPU = Debug|Any CPU
		Release|Any CPU = Release|Any CPU
	EndGlobalSection
	GlobalSection(ProjectConfigurationPlatforms) = postSolution
		{D21B962A-59D1-4076-BFBF-60830E534CFC}.Debug|Any CPU.ActiveCfg = Debug|Any CPU
		{D21B962A-59D1-4076-BFBF-60830E534CFC}.Debug|Any CPU.Build.0 = Debug|Any CPU
		{D21B962A-59D1-4076-BFBF-60830E534CFC}.Release|Any CPU.ActiveCfg = Release|Any CPU
		{D21B962A-59D1-4076-BFBF-60830E534CFC}.Release|Any CPU.Build.0 = Release|Any CPU
	EndGlobalSection
	GlobalSection(SolutionProperties) = preSolution
		HideSolutionNode = FALSE
	EndGlobalSection
	GlobalSection(ExtensibilityGlobals) = postSolution
		SolutionGuid = {8AD7FC7B-76FA-4C2F-A553-F84ACD725D5C}
	EndGlobalSection
EndGlobal
